
Microsoft Visual Studio Solution File, Format Version 12.00
# Visual Studio Version 16
VisualStudioVersion = 16.0.31729.503
MinimumVisualStudioVersion = 10.0.40219.1
Project("{FAE04EC0-301F-11D3-BF4B-00C04F79EFBC}") = "WeatherUI", "WeatherUI\WeatherUI.csproj", "{ACA2C226-11FC-4C1A-A971-06810CAF98EB}"
EndProject
Project("{FAE04EC0-301F-11D3-BF4B-00C04F79EFBC}") = "WeatherLibrary", "WeatherLibrary\WeatherLibrary.csproj", "{DFB954C7-457C-4163-81FE-9B165ED022B4}"
EndProject
Global
	GlobalSection(SolutionConfigurationPlatforms) = preSolution
		Debug|Any CPU = Debug|Any CPU
		Release|Any CPU = Release|Any CPU
	EndGlobalSection
	GlobalSection(ProjectConfigurationPlatforms) = postSolution
		{ACA2C226-11FC-4C1A-A971-06810CAF98EB}.Debug|Any CPU.ActiveCfg = Debug|Any CPU
		{ACA2C226-11FC-4C1A-A971-06810CAF98EB}.Debug|Any CPU.Build.0 = Debug|Any CPU
		{ACA2C226-11FC-4C1A-A971-06810CAF98EB}.Release|Any CPU.ActiveCfg = Release|Any CPU
		{ACA2C226-11FC-4C1A-A971-06810CAF98EB}.Release|Any CPU.Build.0 = Release|Any CPU
		{DFB954C7-457C-4163-81FE-9B165ED022B4}.Debug|Any CPU.ActiveCfg = Debug|Any CPU
		{DFB954C7-457C-4163-81FE-9B165ED022B4}.Debug|Any CPU.Build.0 = Debug|Any CPU
		{DFB954C7-457C-4163-81FE-9B165ED022B4}.Release|Any CPU.ActiveCfg = Release|Any CPU
		{DFB954C7-457C-4163-81FE-9B165ED022B4}.Release|Any CPU.Build.0 = Release|Any CPU
	EndGlobalSection
	GlobalSection(SolutionProperties) = preSolution
		HideSolutionNode = FALSE
	EndGlobalSection
	GlobalSection(ExtensibilityGlobals) = postSolution
		SolutionGuid = {551C45CC-2D1A-477A-9CAE-FBF6FEDD7C16}
	EndGlobalSection
EndGlobal
